
Microsoft Visual Studio Solution File, Format Version 12.00
# Visual Studio Version 17
VisualStudioVersion = 17.6.33829.357
MinimumVisualStudioVersion = 10.0.40219.1
Project("{FAE04EC0-301F-11D3-BF4B-00C04F79EFBC}") = "MiPrimeraAplicacion", "MiPrimeraAplicacion\MiPrimeraAplicacion.csproj", "{23E20F86-8D44-4C4D-8355-E10DB790CD8C}"
EndProject
Global
	GlobalSection(SolutionConfigurationPlatforms) = preSolution
		Debug|Any CPU = Debug|Any CPU
		Release|Any CPU = Release|Any CPU
	EndGlobalSection
	GlobalSection(ProjectConfigurationPlatforms) = postSolution
		{23E20F86-8D44-4C4D-8355-E10DB790CD8C}.Debug|Any CPU.ActiveCfg = Debug|Any CPU
		{23E20F86-8D44-4C4D-8355-E10DB790CD8C}.Debug|Any CPU.Build.0 = Debug|Any CPU
		{23E20F86-8D44-4C4D-8355-E10DB790CD8C}.Release|Any CPU.ActiveCfg = Release|Any CPU
		{23E20F86-8D44-4C4D-8355-E10DB790CD8C}.Release|Any CPU.Build.0 = Release|Any CPU
	EndGlobalSection
	GlobalSection(SolutionProperties) = preSolution
		HideSolutionNode = FALSE
	EndGlobalSection
	GlobalSection(ExtensibilityGlobals) = postSolution
		SolutionGuid = {10BC734D-4FF0-4BDC-A7E7-248A9CF8D1C1}
	EndGlobalSection
EndGlobal
